<?xml version="1.0" encoding="utf-8"?>
<Project ToolsVersion="4.0" xmlns="http://schemas.microsoft.com/developer/msbuild/2003">
  <ItemGroup>
    <Filter Include="源文件">
      <UniqueIdentifier>{4FC737F1-C7A5-4376-A066-2A32D752A2FF}</UniqueIdentifier>
      <Extensions>cpp;c;cc;cxx;def;odl;idl;hpj;bat;asm;asmx</Extensions>
    </Filter>
    <Filter Include="头文件">
      <UniqueIdentifier>{93995380-89BD-4b04-88EB-625FBE52EBFB}</UniqueIdentifier>
      <Extensions>h;hh;hpp;hxx;hm;inl;inc;xsd</Extensions>
    </Filter>
    <Filter Include="资源文件">
      <UniqueIdentifier>{67DA6AB6-F800-4c08-8B7A-83BB121AAD01}</UniqueIdentifier>
      <Extensions>rc;ico;cur;bmp;dlg;rc2;rct;bin;rgs;gif;jpg;jpeg;jpe;resx;tiff;tif;png;wav;mfcribbon-ms</Extensions>
    </Filter>
    <Filter Include="学习">
      <UniqueIdentifier>{296d7d2b-4d4c-4a43-a8d2-937a6d2183ed}</UniqueIdentifier>
    </Filter>
  </ItemGroup>
  <ItemGroup>
    <ClCompile Include="src-preprocessed\alter.c">
      <Filter>源文件</Filter>
    </ClCompile>
    <ClCompile Include="src-preprocessed\analyze.c">
      <Filter>源文件</Filter>
    </ClCompile>
    <ClCompile Include="src-preprocessed\attach.c">
      <Filter>源文件</Filter>
    </ClCompile>
    <ClCompile Include="src-preprocessed\auth.c">
      <Filter>源文件</Filter>
    </ClCompile>
    <ClCompile Include="src-preprocessed\backup.c">
      <Filter>源文件</Filter>
    </ClCompile>
    <ClCompile Include="src-preprocessed\bitvec.c">
      <Filter>源文件</Filter>
    </ClCompile>
    <ClCompile Include="src-preprocessed\btmutex.c">
      <Filter>源文件</Filter>
    </ClCompile>
    <ClCompile Include="src-preprocessed\btree.c">
      <Filter>源文件</Filter>
    </ClCompile>
    <ClCompile Include="src-preprocessed\build.c">
      <Filter>源文件</Filter>
    </ClCompile>
    <ClCompile Include="src-preprocessed\callback.c">
      <Filter>源文件</Filter>
    </ClCompile>
    <ClCompile Include="src-preprocessed\complete.c">
      <Filter>源文件</Filter>
    </ClCompile>
    <ClCompile Include="src-preprocessed\ctime.c">
      <Filter>源文件</Filter>
    </ClCompile>
    <ClCompile Include="src-preprocessed\date.c">
      <Filter>源文件</Filter>
    </ClCompile>
    <ClCompile Include="src-preprocessed\dbpage.c">
      <Filter>源文件</Filter>
    </ClCompile>
    <ClCompile Include="src-preprocessed\dbstat.c">
      <Filter>源文件</Filter>
    </ClCompile>
    <ClCompile Include="src-preprocessed\delete.c">
      <Filter>源文件</Filter>
    </ClCompile>
    <ClCompile Include="src-preprocessed\expr.c">
      <Filter>源文件</Filter>
    </ClCompile>
    <ClCompile Include="src-preprocessed\fault.c">
      <Filter>源文件</Filter>
    </ClCompile>
    <ClCompile Include="src-preprocessed\fkey.c">
      <Filter>源文件</Filter>
    </ClCompile>
    <ClCompile Include="src-preprocessed\fts1_hash.c">
      <Filter>源文件</Filter>
    </ClCompile>
    <ClCompile Include="src-preprocessed\fts1_porter.c">
      <Filter>源文件</Filter>
    </ClCompile>
    <ClCompile Include="src-preprocessed\fts1_tokenizer1.c">
      <Filter>源文件</Filter>
    </ClCompile>
    <ClCompile Include="src-preprocessed\func.c">
      <Filter>源文件</Filter>
    </ClCompile>
    <ClCompile Include="src-preprocessed\global.c">
      <Filter>源文件</Filter>
    </ClCompile>
    <ClCompile Include="src-preprocessed\hash.c">
      <Filter>源文件</Filter>
    </ClCompile>
    <ClCompile Include="src-preprocessed\insert.c">
      <Filter>源文件</Filter>
    </ClCompile>
    <ClCompile Include="src-preprocessed\legacy.c">
      <Filter>源文件</Filter>
    </ClCompile>
    <ClCompile Include="src-preprocessed\loadext.c">
      <Filter>源文件</Filter>
    </ClCompile>
    <ClCompile Include="src-preprocessed\main.c">
      <Filter>源文件</Filter>
    </ClCompile>
    <ClCompile Include="src-preprocessed\malloc.c">
      <Filter>源文件</Filter>
    </ClCompile>
    <ClCompile Include="src-preprocessed\mem0.c">
      <Filter>源文件</Filter>
    </ClCompile>
    <ClCompile Include="src-preprocessed\mem1.c">
      <Filter>源文件</Filter>
    </ClCompile>
    <ClCompile Include="src-preprocessed\mem2.c">
      <Filter>源文件</Filter>
    </ClCompile>
    <ClCompile Include="src-preprocessed\mem3.c">
      <Filter>源文件</Filter>
    </ClCompile>
    <ClCompile Include="src-preprocessed\mem5.c">
      <Filter>源文件</Filter>
    </ClCompile>
    <ClCompile Include="src-preprocessed\memdb.c">
      <Filter>源文件</Filter>
    </ClCompile>
    <ClCompile Include="src-preprocessed\memjournal.c">
      <Filter>源文件</Filter>
    </ClCompile>
    <ClCompile Include="src-preprocessed\mutex.c">
      <Filter>源文件</Filter>
    </ClCompile>
    <ClCompile Include="src-preprocessed\mutex_noop.c">
      <Filter>源文件</Filter>
    </ClCompile>
    <ClCompile Include="src-preprocessed\mutex_unix.c">
      <Filter>源文件</Filter>
    </ClCompile>
    <ClCompile Include="src-preprocessed\mutex_w32.c">
      <Filter>源文件</Filter>
    </ClCompile>
    <ClCompile Include="src-preprocessed\notify.c">
      <Filter>源文件</Filter>
    </ClCompile>
    <ClCompile Include="src-preprocessed\opcodes.c">
      <Filter>源文件</Filter>
    </ClCompile>
    <ClCompile Include="src-preprocessed\os.c">
      <Filter>源文件</Filter>
    </ClCompile>
    <ClCompile Include="src-preprocessed\os_unix.c">
      <Filter>源文件</Filter>
    </ClCompile>
    <ClCompile Include="src-preprocessed\os_win.c">
      <Filter>源文件</Filter>
    </ClCompile>
    <ClCompile Include="src-preprocessed\pager.c">
      <Filter>源文件</Filter>
    </ClCompile>
    <ClCompile Include="src-preprocessed\parse.c">
      <Filter>源文件</Filter>
    </ClCompile>
    <ClCompile Include="src-preprocessed\pcache.c">
      <Filter>源文件</Filter>
    </ClCompile>
    <ClCompile Include="src-preprocessed\pcache1.c">
      <Filter>源文件</Filter>
    </ClCompile>
    <ClCompile Include="src-preprocessed\pragma.c">
      <Filter>源文件</Filter>
    </ClCompile>
    <ClCompile Include="src-preprocessed\prepare.c">
      <Filter>源文件</Filter>
    </ClCompile>
    <ClCompile Include="src-preprocessed\printf.c">
      <Filter>源文件</Filter>
    </ClCompile>
    <ClCompile Include="src-preprocessed\random.c">
      <Filter>源文件</Filter>
    </ClCompile>
    <ClCompile Include="src-preprocessed\resolve.c">
      <Filter>源文件</Filter>
    </ClCompile>
    <ClCompile Include="src-preprocessed\rowset.c">
      <Filter>源文件</Filter>
    </ClCompile>
    <ClCompile Include="src-preprocessed\select.c">
      <Filter>源文件</Filter>
    </ClCompile>
    <ClCompile Include="src-preprocessed\sqlite3session.c">
      <Filter>源文件</Filter>
    </ClCompile>
    <ClCompile Include="src-preprocessed\status.c">
      <Filter>源文件</Filter>
    </ClCompile>
    <ClCompile Include="src-preprocessed\table.c">
      <Filter>源文件</Filter>
    </ClCompile>
    <ClCompile Include="src-preprocessed\threads.c">
      <Filter>源文件</Filter>
    </ClCompile>
    <ClCompile Include="src-preprocessed\tokenize.c">
      <Filter>源文件</Filter>
    </ClCompile>
    <ClCompile Include="src-preprocessed\treeview.c">
      <Filter>源文件</Filter>
    </ClCompile>
    <ClCompile Include="src-preprocessed\trigger.c">
      <Filter>源文件</Filter>
    </ClCompile>
    <ClCompile Include="src-preprocessed\update.c">
      <Filter>源文件</Filter>
    </ClCompile>
    <ClCompile Include="src-preprocessed\upsert.c">
      <Filter>源文件</Filter>
    </ClCompile>
    <ClCompile Include="src-preprocessed\userauth.c">
      <Filter>源文件</Filter>
    </ClCompile>
    <ClCompile Include="src-preprocessed\utf.c">
      <Filter>源文件</Filter>
    </ClCompile>
    <ClCompile Include="src-preprocessed\util.c">
      <Filter>源文件</Filter>
    </ClCompile>
    <ClCompile Include="src-preprocessed\vacuum.c">
      <Filter>源文件</Filter>
    </ClCompile>
    <ClCompile Include="src-preprocessed\vdbe.c">
      <Filter>源文件</Filter>
    </ClCompile>
    <ClCompile Include="src-preprocessed\vdbeapi.c">
      <Filter>源文件</Filter>
    </ClCompile>
    <ClCompile Include="src-preprocessed\vdbeaux.c">
      <Filter>源文件</Filter>
    </ClCompile>
    <ClCompile Include="src-preprocessed\vdbeblob.c">
      <Filter>源文件</Filter>
    </ClCompile>
    <ClCompile Include="src-preprocessed\vdbemem.c">
      <Filter>源文件</Filter>
    </ClCompile>
    <ClCompile Include="src-preprocessed\vdbesort.c">
      <Filter>源文件</Filter>
    </ClCompile>
    <ClCompile Include="src-preprocessed\vdbetrace.c">
      <Filter>源文件</Filter>
    </ClCompile>
    <ClCompile Include="src-preprocessed\vtab.c">
      <Filter>源文件</Filter>
    </ClCompile>
    <ClCompile Include="src-preprocessed\wal.c">
      <Filter>源文件</Filter>
    </ClCompile>
    <ClCompile Include="src-preprocessed\walker.c">
      <Filter>源文件</Filter>
    </ClCompile>
    <ClCompile Include="src-preprocessed\where.c">
      <Filter>源文件</Filter>
    </ClCompile>
    <ClCompile Include="src-preprocessed\wherecode.c">
      <Filter>源文件</Filter>
    </ClCompile>
    <ClCompile Include="src-preprocessed\whereexpr.c">
      <Filter>源文件</Filter>
    </ClCompile>
    <ClCompile Include="self-learn\myself.cpp">
      <Filter>学习</Filter>
    </ClCompile>
    <ClCompile Include="self-learn\001.firsttest.cpp">
      <Filter>学习</Filter>
    </ClCompile>
  </ItemGroup>
  <ItemGroup>
    <ClInclude Include="src-preprocessed\btree.h">
      <Filter>头文件</Filter>
    </ClInclude>
    <ClInclude Include="src-preprocessed\btreeInt.h">
      <Filter>头文件</Filter>
    </ClInclude>
    <ClInclude Include="src-preprocessed\fts1.h">
      <Filter>头文件</Filter>
    </ClInclude>
    <ClInclude Include="src-preprocessed\fts1_hash.h">
      <Filter>头文件</Filter>
    </ClInclude>
    <ClInclude Include="src-preprocessed\fts1_tokenizer.h">
      <Filter>头文件</Filter>
    </ClInclude>
    <ClInclude Include="src-preprocessed\fts2.h">
      <Filter>头文件</Filter>
    </ClInclude>
    <ClInclude Include="src-preprocessed\fts2_hash.h">
      <Filter>头文件</Filter>
    </ClInclude>
    <ClInclude Include="src-preprocessed\fts2_tokenizer.h">
      <Filter>头文件</Filter>
    </ClInclude>
    <ClInclude Include="src-preprocessed\fts3.h">
      <Filter>头文件</Filter>
    </ClInclude>
    <ClInclude Include="src-preprocessed\fts3_hash.h">
      <Filter>头文件</Filter>
    </ClInclude>
    <ClInclude Include="src-preprocessed\fts3_tokenizer.h">
      <Filter>头文件</Filter>
    </ClInclude>
    <ClInclude Include="src-preprocessed\fts3Int.h">
      <Filter>头文件</Filter>
    </ClInclude>
    <ClInclude Include="src-preprocessed\fts5.h">
      <Filter>头文件</Filter>
    </ClInclude>
    <ClInclude Include="src-preprocessed\hash.h">
      <Filter>头文件</Filter>
    </ClInclude>
    <ClInclude Include="src-preprocessed\hwtime.h">
      <Filter>头文件</Filter>
    </ClInclude>
    <ClInclude Include="src-preprocessed\keywordhash.h">
      <Filter>头文件</Filter>
    </ClInclude>
    <ClInclude Include="src-preprocessed\msvc.h">
      <Filter>头文件</Filter>
    </ClInclude>
    <ClInclude Include="src-preprocessed\mutex.h">
      <Filter>头文件</Filter>
    </ClInclude>
    <ClInclude Include="src-preprocessed\opcodes.h">
      <Filter>头文件</Filter>
    </ClInclude>
    <ClInclude Include="src-preprocessed\os.h">
      <Filter>头文件</Filter>
    </ClInclude>
    <ClInclude Include="src-preprocessed\os_common.h">
      <Filter>头文件</Filter>
    </ClInclude>
    <ClInclude Include="src-preprocessed\os_setup.h">
      <Filter>头文件</Filter>
    </ClInclude>
    <ClInclude Include="src-preprocessed\os_win.h">
      <Filter>头文件</Filter>
    </ClInclude>
    <ClInclude Include="src-preprocessed\pager.h">
      <Filter>头文件</Filter>
    </ClInclude>
    <ClInclude Include="src-preprocessed\parse.h">
      <Filter>头文件</Filter>
    </ClInclude>
    <ClInclude Include="src-preprocessed\pcache.h">
      <Filter>头文件</Filter>
    </ClInclude>
    <ClInclude Include="src-preprocessed\pragma.h">
      <Filter>头文件</Filter>
    </ClInclude>
    <ClInclude Include="src-preprocessed\rtree.h">
      <Filter>头文件</Filter>
    </ClInclude>
    <ClInclude Include="src-preprocessed\sqlite3.h">
      <Filter>头文件</Filter>
    </ClInclude>
    <ClInclude Include="src-preprocessed\sqlite3ext.h">
      <Filter>头文件</Filter>
    </ClInclude>
    <ClInclude Include="src-preprocessed\sqlite3rbu.h">
      <Filter>头文件</Filter>
    </ClInclude>
    <ClInclude Include="src-preprocessed\sqlite3rtree.h">
      <Filter>头文件</Filter>
    </ClInclude>
    <ClInclude Include="src-preprocessed\sqlite3session.h">
      <Filter>头文件</Filter>
    </ClInclude>
    <ClInclude Include="src-preprocessed\sqlite3userauth.h">
      <Filter>头文件</Filter>
    </ClInclude>
    <ClInclude Include="src-preprocessed\sqliteicu.h">
      <Filter>头文件</Filter>
    </ClInclude>
    <ClInclude Include="src-preprocessed\sqliteInt.h">
      <Filter>头文件</Filter>
    </ClInclude>
    <ClInclude Include="src-preprocessed\sqliteLimit.h">
      <Filter>头文件</Filter>
    </ClInclude>
    <ClInclude Include="src-preprocessed\vdbe.h">
      <Filter>头文件</Filter>
    </ClInclude>
    <ClInclude Include="src-preprocessed\vdbeInt.h">
      <Filter>头文件</Filter>
    </ClInclude>
    <ClInclude Include="src-preprocessed\vxworks.h">
      <Filter>头文件</Filter>
    </ClInclude>
    <ClInclude Include="src-preprocessed\wal.h">
      <Filter>头文件</Filter>
    </ClInclude>
    <ClInclude Include="src-preprocessed\whereInt.h">
      <Filter>头文件</Filter>
    </ClInclude>
  </ItemGroup>
  <ItemGroup>
    <None Include="src-preprocessed\shell.c.in" />
  </ItemGroup>
</Project>